<?xml version="1.0" encoding="utf-8"?>
<Project ToolsVersion="4.0" xmlns="http://schemas.microsoft.com/developer/msbuild/2003">
  <ItemGroup>
    <Filter Include="Source Files">
      <UniqueIdentifier>{4FC737F1-C7A5-4376-A066-2A32D752A2FF}</UniqueIdentifier>
      <Extensions>cpp;c;cxx;def;odl;idl;hpj;bat;asm;asmx</Extensions>
    </Filter>
    <Filter Include="Header Files">
      <UniqueIdentifier>{93995380-89BD-4b04-88EB-625FBE52EBFB}</UniqueIdentifier>
      <Extensions>h;hpp;hxx;hm;inl;inc;xsd</Extensions>
    </Filter>
    <Filter Include="Resource Files">
      <UniqueIdentifier>{67DA6AB6-F800-4c08-8B7A-83BB121AAD01}</UniqueIdentifier>
      <Extensions>rc;ico;cur;bmp;dlg;rc2;rct;bin;rgs;gif;jpg;jpeg;jpe;resx</Extensions>
    </Filter>
  </ItemGroup>
  <ItemGroup>
    <ClCompile Include="ossimEsriShapeFileFilter.cpp">
      <Filter>Source Files</Filter>
    </ClCompile>
    <ClCompile Include="ossimGdalDataset.cpp">
      <Filter>Source Files</Filter>
    </ClCompile>
    <ClCompile Include="ossimGdalFactory.cpp">
      <Filter>Source Files</Filter>
    </ClCompile>
    <ClCompile Include="ossimGdalImageWriterFactory.cpp">
      <Filter>Source Files</Filter>
    </ClCompile>
    <ClCompile Include="ossimGdalObjectFactory.cpp">
      <Filter>Source Files</Filter>
    </ClCompile>
    <ClCompile Include="ossimGdalOgrVectorAnnotation.cpp">
      <Filter>Source Files</Filter>
    </ClCompile>
    <ClCompile Include="ossimGdalOverviewBuilder.cpp">
      <Filter>Source Files</Filter>
    </ClCompile>
    <ClCompile Include="ossimGdalOverviewBuilderFactory.cpp">
      <Filter>Source Files</Filter>
    </ClCompile>
    <ClCompile Include="ossimGdalPluginInit.cpp">
      <Filter>Source Files</Filter>
    </ClCompile>
    <ClCompile Include="ossimGdalProjectionFactory.cpp">
      <Filter>Source Files</Filter>
    </ClCompile>
    <ClCompile Include="ossimGdalTiledDataset.cpp">
      <Filter>Source Files</Filter>
    </ClCompile>
    <ClCompile Include="ossimGdalTileSource.cpp">
      <Filter>Source Files</Filter>
    </ClCompile>
    <ClCompile Include="ossimGdalType.cpp">
      <Filter>Source Files</Filter>
    </ClCompile>
    <ClCompile Include="ossimGdalWriter.cpp">
      <Filter>Source Files</Filter>
    </ClCompile>
    <ClCompile Include="ossimOgcWktTranslator.cpp">
      <Filter>Source Files</Filter>
    </ClCompile>
    <ClCompile Include="ossimOgrGdalTileSource.cpp">
      <Filter>Source Files</Filter>
    </ClCompile>
    <ClCompile Include="ossimShapeDatabase.cpp">
      <Filter>Source Files</Filter>
    </ClCompile>
    <ClCompile Include="ossimShapeFile.cpp">
      <Filter>Source Files</Filter>
    </ClCompile>
    <ClCompile Include="ossimGdalInfoFactory.cpp">
      <Filter>Source Files</Filter>
    </ClCompile>
    <ClCompile Include="ossimHdfInfo.cpp">
      <Filter>Source Files</Filter>
    </ClCompile>
    <ClCompile Include="ossimHdfReader.cpp">
      <Filter>Source Files</Filter>
    </ClCompile>
    <ClCompile Include="ossimOgrInfo.cpp">
      <Filter>Source Files</Filter>
    </ClCompile>
    <ClCompile Include="ossimOgrVectorTileSource.cpp">
      <Filter>Source Files</Filter>
    </ClCompile>
  </ItemGroup>
  <ItemGroup>
    <ClInclude Include="ossimEsriShapeFileFilter.h">
      <Filter>Header Files</Filter>
    </ClInclude>
    <ClInclude Include="ossimGdalDataset.h">
      <Filter>Header Files</Filter>
    </ClInclude>
    <ClInclude Include="ossimGdalFactory.h">
      <Filter>Header Files</Filter>
    </ClInclude>
    <ClInclude Include="ossimGdalImageWriterFactory.h">
      <Filter>Header Files</Filter>
    </ClInclude>
    <ClInclude Include="ossimGdalObjectFactory.h">
      <Filter>Header Files</Filter>
    </ClInclude>
    <ClInclude Include="ossimGdalOgrVectorAnnotation.h">
      <Filter>Header Files</Filter>
    </ClInclude>
    <ClInclude Include="ossimGdalOverviewBuilder.h">
      <Filter>Header Files</Filter>
    </ClInclude>
    <ClInclude Include="ossimGdalOverviewBuilderFactory.h">
      <Filter>Header Files</Filter>
    </ClInclude>
    <ClInclude Include="ossimGdalProjectionFactory.h">
      <Filter>Header Files</Filter>
    </ClInclude>
    <ClInclude Include="ossimGdalTiledDataset.h">
      <Filter>Header Files</Filter>
    </ClInclude>
    <ClInclude Include="ossimGdalTileSource.h">
      <Filter>Header Files</Filter>
    </ClInclude>
    <ClInclude Include="ossimGdalType.h">
      <Filter>Header Files</Filter>
    </ClInclude>
    <ClInclude Include="ossimGdalWriter.h">
      <Filter>Header Files</Filter>
    </ClInclude>
    <ClInclude Include="ossimOgcWktTranslator.h">
      <Filter>Header Files</Filter>
    </ClInclude>
    <ClInclude Include="ossimOgrGdalTileSource.h">
      <Filter>Header Files</Filter>
    </ClInclude>
    <ClInclude Include="..\ossimPluginConstants.h">
      <Filter>Header Files</Filter>
    </ClInclude>
    <ClInclude Include="ossimShapeDatabase.h">
      <Filter>Header Files</Filter>
    </ClInclude>
    <ClInclude Include="ossimShapeFile.h">
      <Filter>Header Files</Filter>
    </ClInclude>
    <ClInclude Include="shapefil.h">
      <Filter>Header Files</Filter>
    </ClInclude>
  </ItemGroup>
  <ItemGroup>
    <None Include="gdal.vcproj.7.10.old" />
  </ItemGroup>
</Project>