<?xml version="1.0" encoding="utf-8"?>
<Project ToolsVersion="4.0" xmlns="http://schemas.microsoft.com/developer/msbuild/2003">
  <ItemGroup>
    <Filter Include="Source Files">
      <UniqueIdentifier>{4FC737F1-C7A5-4376-A066-2A32D752A2FF}</UniqueIdentifier>
      <Extensions>cpp;c;cc;cxx;def;odl;idl;hpj;bat;asm;asmx</Extensions>
    </Filter>
    <Filter Include="Header Files">
      <UniqueIdentifier>{93995380-89BD-4b04-88EB-625FBE52EBFB}</UniqueIdentifier>
      <Extensions>h;hpp;hxx;hm;inl;inc;xsd</Extensions>
    </Filter>
    <Filter Include="Resource Files">
      <UniqueIdentifier>{67DA6AB6-F800-4c08-8B7A-83BB121AAD01}</UniqueIdentifier>
      <Extensions>rc;ico;cur;bmp;dlg;rc2;rct;bin;rgs;gif;jpg;jpeg;jpe;resx;tiff;tif;png;wav;mfcribbon-ms</Extensions>
    </Filter>
  </ItemGroup>
  <ItemGroup>
    <ClInclude Include="ossimKakaduNitfWriter.h">
      <Filter>Header Files</Filter>
    </ClInclude>
    <ClInclude Include="ossimKakaduOverviewBuilderFactory.h">
      <Filter>Header Files</Filter>
    </ClInclude>
    <ClInclude Include="ossimKakaduReaderFactory.h">
      <Filter>Header Files</Filter>
    </ClInclude>
    <ClInclude Include="ossimKakaduWriterFactory.h">
      <Filter>Header Files</Filter>
    </ClInclude>
    <ClInclude Include="ossimJpipProjectionFactory.h">
      <Filter>Header Files</Filter>
    </ClInclude>
    <ClInclude Include="ossimKakaduCommon.h">
      <Filter>Header Files</Filter>
    </ClInclude>
    <ClInclude Include="ossimKakaduCompressedTarget.h">
      <Filter>Header Files</Filter>
    </ClInclude>
    <ClInclude Include="ossimKakaduCompressor.h">
      <Filter>Header Files</Filter>
    </ClInclude>
    <ClInclude Include="ossimKakaduJ2kReader.h">
      <Filter>Header Files</Filter>
    </ClInclude>
    <ClInclude Include="ossimKakaduJp2Reader.h">
      <Filter>Header Files</Filter>
    </ClInclude>
    <ClInclude Include="ossimKakaduJp2Writer.h">
      <Filter>Header Files</Filter>
    </ClInclude>
    <ClInclude Include="ossimKakaduJpipHandler.h">
      <Filter>Header Files</Filter>
    </ClInclude>
    <ClInclude Include="ossimKakaduJpipHandlerFactory.h">
      <Filter>Header Files</Filter>
    </ClInclude>
    <ClInclude Include="ossimKakaduJpipImageGeometryFactory.h">
      <Filter>Header Files</Filter>
    </ClInclude>
    <ClInclude Include="ossimKakaduJpipInfo.h">
      <Filter>Header Files</Filter>
    </ClInclude>
    <ClInclude Include="ossimKakaduJpipInfoFactory.h">
      <Filter>Header Files</Filter>
    </ClInclude>
    <ClInclude Include="ossimKakaduKeywords.h">
      <Filter>Header Files</Filter>
    </ClInclude>
    <ClInclude Include="ossimKakaduMessaging.h">
      <Filter>Header Files</Filter>
    </ClInclude>
    <ClInclude Include="ossimKakaduNitfOverviewBuilder.h">
      <Filter>Header Files</Filter>
    </ClInclude>
    <ClInclude Include="ossimKakaduNitfReader.h">
      <Filter>Header Files</Filter>
    </ClInclude>
  </ItemGroup>
  <ItemGroup>
    <ClCompile Include="ossimKakaduOverviewBuilderFactory.cpp">
      <Filter>Source Files</Filter>
    </ClCompile>
    <ClCompile Include="ossimKakaduPluginInit.cpp">
      <Filter>Source Files</Filter>
    </ClCompile>
    <ClCompile Include="ossimKakaduReaderFactory.cpp">
      <Filter>Source Files</Filter>
    </ClCompile>
    <ClCompile Include="ossimKakaduWriterFactory.cpp">
      <Filter>Source Files</Filter>
    </ClCompile>
    <ClCompile Include="ossimJpipProjectionFactory.cpp">
      <Filter>Source Files</Filter>
    </ClCompile>
    <ClCompile Include="ossimKakaduCommon.cpp">
      <Filter>Source Files</Filter>
    </ClCompile>
    <ClCompile Include="ossimKakaduCompressedTarget.cpp">
      <Filter>Source Files</Filter>
    </ClCompile>
    <ClCompile Include="ossimKakaduCompressor.cpp">
      <Filter>Source Files</Filter>
    </ClCompile>
    <ClCompile Include="ossimKakaduJ2kReader.cpp">
      <Filter>Source Files</Filter>
    </ClCompile>
    <ClCompile Include="ossimKakaduJp2Reader.cpp">
      <Filter>Source Files</Filter>
    </ClCompile>
    <ClCompile Include="ossimKakaduJp2Writer.cpp">
      <Filter>Source Files</Filter>
    </ClCompile>
    <ClCompile Include="ossimKakaduJpipHandler.cpp">
      <Filter>Source Files</Filter>
    </ClCompile>
    <ClCompile Include="ossimKakaduJpipHandlerFactory.cpp">
      <Filter>Source Files</Filter>
    </ClCompile>
    <ClCompile Include="ossimKakaduJpipImageGeometryFactory.cpp">
      <Filter>Source Files</Filter>
    </ClCompile>
    <ClCompile Include="ossimKakaduJpipInfo.cpp">
      <Filter>Source Files</Filter>
    </ClCompile>
    <ClCompile Include="ossimKakaduJpipInfoFactory.cpp">
      <Filter>Source Files</Filter>
    </ClCompile>
    <ClCompile Include="ossimKakaduNitfOverviewBuilder.cpp">
      <Filter>Source Files</Filter>
    </ClCompile>
    <ClCompile Include="ossimKakaduNitfReader.cpp">
      <Filter>Source Files</Filter>
    </ClCompile>
    <ClCompile Include="ossimKakaduNitfWriter.cpp">
      <Filter>Source Files</Filter>
    </ClCompile>
  </ItemGroup>
</Project>