<?xml version="1.0" encoding="utf-8"?>
<Project ToolsVersion="4.0" xmlns="http://schemas.microsoft.com/developer/msbuild/2003">
  <ItemGroup>
    <Filter Include="源文件">
      <UniqueIdentifier>{4FC737F1-C7A5-4376-A066-2A32D752A2FF}</UniqueIdentifier>
      <Extensions>cpp;c;cc;cxx;def;odl;idl;hpj;bat;asm;asmx</Extensions>
    </Filter>
    <Filter Include="头文件">
      <UniqueIdentifier>{93995380-89BD-4b04-88EB-625FBE52EBFB}</UniqueIdentifier>
      <Extensions>h;hpp;hxx;hm;inl;inc;xsd</Extensions>
    </Filter>
    <Filter Include="资源文件">
      <UniqueIdentifier>{67DA6AB6-F800-4c08-8B7A-83BB121AAD01}</UniqueIdentifier>
      <Extensions>rc;ico;cur;bmp;dlg;rc2;rct;bin;rgs;gif;jpg;jpeg;jpe;resx;tiff;tif;png;wav</Extensions>
    </Filter>
  </ItemGroup>
  <ItemGroup>
    <ClInclude Include="..\shapefil.h">
      <Filter>头文件</Filter>
    </ClInclude>
    <ClInclude Include="..\ossimGdalImageWriterFactory.h">
      <Filter>头文件</Filter>
    </ClInclude>
    <ClInclude Include="..\ossimGdalInfoFactory.h">
      <Filter>头文件</Filter>
    </ClInclude>
    <ClInclude Include="..\ossimGdalObjectFactory.h">
      <Filter>头文件</Filter>
    </ClInclude>
    <ClInclude Include="..\ossimGdalOgrVectorAnnotation.h">
      <Filter>头文件</Filter>
    </ClInclude>
    <ClInclude Include="..\ossimGdalOverviewBuilder.h">
      <Filter>头文件</Filter>
    </ClInclude>
    <ClInclude Include="..\ossimGdalOverviewBuilderFactory.h">
      <Filter>头文件</Filter>
    </ClInclude>
    <ClInclude Include="..\ossimGdalProjectionFactory.h">
      <Filter>头文件</Filter>
    </ClInclude>
    <ClInclude Include="..\ossimGdalTiledDataset.h">
      <Filter>头文件</Filter>
    </ClInclude>
    <ClInclude Include="..\ossimGdalTileSource.h">
      <Filter>头文件</Filter>
    </ClInclude>
    <ClInclude Include="..\ossimGdalType.h">
      <Filter>头文件</Filter>
    </ClInclude>
    <ClInclude Include="..\ossimGdalWriter.h">
      <Filter>头文件</Filter>
    </ClInclude>
    <ClInclude Include="..\ossimHdfInfo.h">
      <Filter>头文件</Filter>
    </ClInclude>
    <ClInclude Include="..\ossimHdfReader.h">
      <Filter>头文件</Filter>
    </ClInclude>
    <ClInclude Include="..\ossimOgcWktTranslator.h">
      <Filter>头文件</Filter>
    </ClInclude>
    <ClInclude Include="..\ossimOgrGdalTileSource.h">
      <Filter>头文件</Filter>
    </ClInclude>
    <ClInclude Include="..\ossimOgrInfo.h">
      <Filter>头文件</Filter>
    </ClInclude>
    <ClInclude Include="..\ossimOgrVectorTileSource.h">
      <Filter>头文件</Filter>
    </ClInclude>
    <ClInclude Include="..\ossimPluginConstants.h">
      <Filter>头文件</Filter>
    </ClInclude>
    <ClInclude Include="..\ossimShapeDatabase.h">
      <Filter>头文件</Filter>
    </ClInclude>
    <ClInclude Include="..\ossimShapeFile.h">
      <Filter>头文件</Filter>
    </ClInclude>
    <ClInclude Include="..\ossimEsriShapeFileFilter.h">
      <Filter>头文件</Filter>
    </ClInclude>
    <ClInclude Include="..\ossimGdalDataset.h">
      <Filter>头文件</Filter>
    </ClInclude>
    <ClInclude Include="..\ossimGdalFactory.h">
      <Filter>头文件</Filter>
    </ClInclude>
  </ItemGroup>
  <ItemGroup>
    <ClCompile Include="..\ossimGdalType.cpp">
      <Filter>源文件</Filter>
    </ClCompile>
    <ClCompile Include="..\ossimGdalWriter.cpp">
      <Filter>源文件</Filter>
    </ClCompile>
    <ClCompile Include="..\ossimHdfInfo.cpp">
      <Filter>源文件</Filter>
    </ClCompile>
    <ClCompile Include="..\ossimHdfReader.cpp">
      <Filter>源文件</Filter>
    </ClCompile>
    <ClCompile Include="..\ossimOgcWktTranslator.cpp">
      <Filter>源文件</Filter>
    </ClCompile>
    <ClCompile Include="..\ossimOgrGdalTileSource.cpp">
      <Filter>源文件</Filter>
    </ClCompile>
    <ClCompile Include="..\ossimOgrInfo.cpp">
      <Filter>源文件</Filter>
    </ClCompile>
    <ClCompile Include="..\ossimOgrVectorTileSource.cpp">
      <Filter>源文件</Filter>
    </ClCompile>
    <ClCompile Include="..\ossimShapeDatabase.cpp">
      <Filter>源文件</Filter>
    </ClCompile>
    <ClCompile Include="..\ossimShapeFile.cpp">
      <Filter>源文件</Filter>
    </ClCompile>
    <ClCompile Include="..\ossimEsriShapeFileFilter.cpp">
      <Filter>源文件</Filter>
    </ClCompile>
    <ClCompile Include="..\ossimGdalDataset.cpp">
      <Filter>源文件</Filter>
    </ClCompile>
    <ClCompile Include="..\ossimGdalFactory.cpp">
      <Filter>源文件</Filter>
    </ClCompile>
    <ClCompile Include="..\ossimGdalImageWriterFactory.cpp">
      <Filter>源文件</Filter>
    </ClCompile>
    <ClCompile Include="..\ossimGdalInfoFactory.cpp">
      <Filter>源文件</Filter>
    </ClCompile>
    <ClCompile Include="..\ossimGdalObjectFactory.cpp">
      <Filter>源文件</Filter>
    </ClCompile>
    <ClCompile Include="..\ossimGdalOgrVectorAnnotation.cpp">
      <Filter>源文件</Filter>
    </ClCompile>
    <ClCompile Include="..\ossimGdalOverviewBuilder.cpp">
      <Filter>源文件</Filter>
    </ClCompile>
    <ClCompile Include="..\ossimGdalOverviewBuilderFactory.cpp">
      <Filter>源文件</Filter>
    </ClCompile>
    <ClCompile Include="..\ossimGdalPluginInit.cpp">
      <Filter>源文件</Filter>
    </ClCompile>
    <ClCompile Include="..\ossimGdalProjectionFactory.cpp">
      <Filter>源文件</Filter>
    </ClCompile>
    <ClCompile Include="..\ossimGdalTiledDataset.cpp">
      <Filter>源文件</Filter>
    </ClCompile>
    <ClCompile Include="..\ossimGdalTileSource.cpp">
      <Filter>源文件</Filter>
    </ClCompile>
  </ItemGroup>
</Project>