<?xml version="1.0" encoding="utf-8"?>
<Project ToolsVersion="4.0" xmlns="http://schemas.microsoft.com/developer/msbuild/2003">
  <ItemGroup>
    <Filter Include="Source Files">
      <UniqueIdentifier>{4FC737F1-C7A5-4376-A066-2A32D752A2FF}</UniqueIdentifier>
      <Extensions>cpp;c;cc;cxx;def;odl;idl;hpj;bat;asm;asmx</Extensions>
    </Filter>
    <Filter Include="Header Files">
      <UniqueIdentifier>{93995380-89BD-4b04-88EB-625FBE52EBFB}</UniqueIdentifier>
      <Extensions>h;hpp;hxx;hm;inl;inc;xsd</Extensions>
    </Filter>
    <Filter Include="Resource Files">
      <UniqueIdentifier>{67DA6AB6-F800-4c08-8B7A-83BB121AAD01}</UniqueIdentifier>
      <Extensions>rc;ico;cur;bmp;dlg;rc2;rct;bin;rgs;gif;jpg;jpeg;jpe;resx;tiff;tif;png;wav;mfcribbon-ms</Extensions>
    </Filter>
  </ItemGroup>
  <ItemGroup>
    <ClCompile Include="lsd.c">
      <Filter>Source Files</Filter>
    </ClCompile>
    <ClCompile Include="ossimOpenCVDilateFilter.cpp">
      <Filter>Source Files</Filter>
    </ClCompile>
    <ClCompile Include="ossimOpenCVErodeFilter.cpp">
      <Filter>Source Files</Filter>
    </ClCompile>
    <ClCompile Include="ossimOpenCVGoodFeaturesToTrack.cpp">
      <Filter>Source Files</Filter>
    </ClCompile>
    <ClCompile Include="ossimOpenCVLaplaceFilter.cpp">
      <Filter>Source Files</Filter>
    </ClCompile>
    <ClCompile Include="ossimOpenCVLogPolarFilter.cpp">
      <Filter>Source Files</Filter>
    </ClCompile>
    <ClCompile Include="ossimOpenCVLsdFilter.cpp">
      <Filter>Source Files</Filter>
    </ClCompile>
    <ClCompile Include="ossimOpenCVPluginFactory.cpp">
      <Filter>Source Files</Filter>
    </ClCompile>
    <ClCompile Include="ossimOpenCVPluginInit.cpp">
      <Filter>Source Files</Filter>
    </ClCompile>
    <ClCompile Include="ossimOpenCVPyrSegmentation.cpp">
      <Filter>Source Files</Filter>
    </ClCompile>
    <ClCompile Include="ossimOpenCVSmoothFilter.cpp">
      <Filter>Source Files</Filter>
    </ClCompile>
    <ClCompile Include="ossimOpenCVSobelFilter.cpp">
      <Filter>Source Files</Filter>
    </ClCompile>
    <ClCompile Include="ossimOpenCVSquaresFilter.cpp">
      <Filter>Source Files</Filter>
    </ClCompile>
    <ClCompile Include="ossimOpenCVStarFeatures.cpp">
      <Filter>Source Files</Filter>
    </ClCompile>
    <ClCompile Include="ossimOpenCVSURFFeatures.cpp">
      <Filter>Source Files</Filter>
    </ClCompile>
    <ClCompile Include="ossimOpenCVThresholdFilter.cpp">
      <Filter>Source Files</Filter>
    </ClCompile>
    <ClCompile Include="ossimOpenCVCannyFilter.cpp">
      <Filter>Source Files</Filter>
    </ClCompile>
  </ItemGroup>
  <ItemGroup>
    <ClInclude Include="lsd.h">
      <Filter>Header Files</Filter>
    </ClInclude>
    <ClInclude Include="ossimOpenCVDilateFilter.h">
      <Filter>Header Files</Filter>
    </ClInclude>
    <ClInclude Include="ossimOpenCVErodeFilter.h">
      <Filter>Header Files</Filter>
    </ClInclude>
    <ClInclude Include="ossimOpenCVGoodFeaturesToTrack.h">
      <Filter>Header Files</Filter>
    </ClInclude>
    <ClInclude Include="ossimOpenCVLaplaceFilter.h">
      <Filter>Header Files</Filter>
    </ClInclude>
    <ClInclude Include="ossimOpenCVLogPolarFilter.h">
      <Filter>Header Files</Filter>
    </ClInclude>
    <ClInclude Include="ossimOpenCVLsdFilter.h">
      <Filter>Header Files</Filter>
    </ClInclude>
    <ClInclude Include="ossimOpenCVPluginFactory.h">
      <Filter>Header Files</Filter>
    </ClInclude>
    <ClInclude Include="ossimOpenCVPyrSegmentation.h">
      <Filter>Header Files</Filter>
    </ClInclude>
    <ClInclude Include="ossimOpenCVSmoothFilter.h">
      <Filter>Header Files</Filter>
    </ClInclude>
    <ClInclude Include="ossimOpenCVSobelFilter.h">
      <Filter>Header Files</Filter>
    </ClInclude>
    <ClInclude Include="ossimOpenCVSquaresFilter.h">
      <Filter>Header Files</Filter>
    </ClInclude>
    <ClInclude Include="ossimOpenCVStarFeatures.h">
      <Filter>Header Files</Filter>
    </ClInclude>
    <ClInclude Include="ossimOpenCVSURFFeatures.h">
      <Filter>Header Files</Filter>
    </ClInclude>
    <ClInclude Include="ossimOpenCVThresholdFilter.h">
      <Filter>Header Files</Filter>
    </ClInclude>
    <ClInclude Include="ossimOpenCVCannyFilter.h">
      <Filter>Header Files</Filter>
    </ClInclude>
  </ItemGroup>
</Project>